
Microsoft Visual Studio Solution File, Format Version 12.00
# Visual Studio Version 17
VisualStudioVersion = 17.0.31912.275
MinimumVisualStudioVersion = 10.0.40219.1
Project("{9A19103F-16F7-4668-BE54-9A1E7A4F7556}") = "benefits-cost-preview", "benefits-cost-preview\benefits-cost-preview.csproj", "{B1D138E8-6C8E-4191-825D-4A1B9EBC7BCE}"
EndProject
Project("{FAE04EC0-301F-11D3-BF4B-00C04F79EFBC}") = "UnitTests", "UnitTests\UnitTests.csproj", "{87712E6C-65B9-4430-BB93-41052974D127}"
EndProject
Global
	GlobalSection(SolutionConfigurationPlatforms) = preSolution
		Debug|Any CPU = Debug|Any CPU
		Release|Any CPU = Release|Any CPU
	EndGlobalSection
	GlobalSection(ProjectConfigurationPlatforms) = postSolution
		{B1D138E8-6C8E-4191-825D-4A1B9EBC7BCE}.Debug|Any CPU.ActiveCfg = Debug|Any CPU
		{B1D138E8-6C8E-4191-825D-4A1B9EBC7BCE}.Debug|Any CPU.Build.0 = Debug|Any CPU
		{B1D138E8-6C8E-4191-825D-4A1B9EBC7BCE}.Release|Any CPU.ActiveCfg = Release|Any CPU
		{B1D138E8-6C8E-4191-825D-4A1B9EBC7BCE}.Release|Any CPU.Build.0 = Release|Any CPU
		{87712E6C-65B9-4430-BB93-41052974D127}.Debug|Any CPU.ActiveCfg = Debug|Any CPU
		{87712E6C-65B9-4430-BB93-41052974D127}.Debug|Any CPU.Build.0 = Debug|Any CPU
		{87712E6C-65B9-4430-BB93-41052974D127}.Release|Any CPU.ActiveCfg = Release|Any CPU
		{87712E6C-65B9-4430-BB93-41052974D127}.Release|Any CPU.Build.0 = Release|Any CPU
	EndGlobalSection
	GlobalSection(SolutionProperties) = preSolution
		HideSolutionNode = FALSE
	EndGlobalSection
	GlobalSection(ExtensibilityGlobals) = postSolution
		SolutionGuid = {7067F017-2B1B-4887-951C-31A9331ED427}
	EndGlobalSection
EndGlobal
